lockfileVersion: '9.0'

settings:
  autoInstallPeers: true
  excludeLinksFromLockfile: false

importers:

  .:
    devDependencies:
      base-64:
        specifier: ^1.0.0
        version: 1.0.0
      elementtree:
        specifier: ^0.1.7
        version: 0.1.7
      prettier:
        specifier: ^3.9.5
        version: 3.9.5
      utf8:
        specifier: ^3.0.0
        version: 3.0.0

packages:

  base-64@1.0.0:
    resolution: {integrity: sha512-kwDPIFCGx0NZHog36dj+tHiwP4QMzsZ3AgMViUBKI0+V5n4U0ufTCUMhnQ04diaRI8EX/QcPfql7zlhZ7j4zgg==}

  elementtree@0.1.7:
    resolution: {integrity: sha512-wkgGT6kugeQk/P6VZ/f4T+4HB41BVgNBq5CDIZVbQ02nvTVqAiVTbskxxu3eA/X96lMlfYOwnLQpN2v5E1zDEg==}
    engines: {node: '>= 0.4.0'}

  prettier@3.9.5:
    resolution: {integrity: sha512-/FVl766LpUfB5vXgCYOYa0MeV/441Ia99AeICQIQFTY/Nw0roZwULcXpku5i1/m5kt/baz+s4Zogspd839HSMg==}
    engines: {node: '>=14'}
    hasBin: true

  sax@1.1.4:
    resolution: {integrity: sha512-5f3k2PbGGp+YtKJjOItpg3P99IMD84E4HOvcfleTb5joCHNXYLsR9yWFPOYGgaeMPDubQILTCMdsFb2OMeOjtg==}

  utf8@3.0.0:
    resolution: {integrity: sha512-E8VjFIQ/TyQgp+TZfS6l8yp/xWppSAHzidGiRrqe4bK4XP9pTRyKFgGJpO3SN7zdX4DeomTrwaseCHovfpFcqQ==}

snapshots:

  base-64@1.0.0: {}

  elementtree@0.1.7:
    dependencies:
      sax: 1.1.4

  prettier@3.9.5: {}

  sax@1.1.4: {}

  utf8@3.0.0: {}
